
Microsoft Visual Studio Solution File, Format Version 12.00
# Visual Studio Version 17
VisualStudioVersion = 17.13.35931.197
MinimumVisualStudioVersion = 10.0.40219.1
Project("{FAE04EC0-301F-11D3-BF4B-00C04F79EFBC}") = "UI_WindowsApp", "UI_WindowsApp\UI_WindowsApp.csproj", "{6BAA34D2-E0C2-4B11-9F57-83DC1B84F78B}"
EndProject
Project("{888888A0-9F3D-457C-B088-3A5042F75D52}") = "MCP_Core", "MCP_Core\MCP_Core.pyproj", "{1A6ED351-A9CA-474B-9B0D-E39CB186F1DC}"
EndProject
Global
	GlobalSection(SolutionConfigurationPlatforms) = preSolution
		Debug|Any CPU = Debug|Any CPU
		Release|Any CPU = Release|Any CPU
	EndGlobalSection
	GlobalSection(ProjectConfigurationPlatforms) = postSolution
		{6BAA34D2-E0C2-4B11-9F57-83DC1B84F78B}.Debug|Any CPU.ActiveCfg = Debug|Any CPU
		{6BAA34D2-E0C2-4B11-9F57-83DC1B84F78B}.Debug|Any CPU.Build.0 = Debug|Any CPU
		{6BAA34D2-E0C2-4B11-9F57-83DC1B84F78B}.Release|Any CPU.ActiveCfg = Release|Any CPU
		{6BAA34D2-E0C2-4B11-9F57-83DC1B84F78B}.Release|Any CPU.Build.0 = Release|Any CPU
		{1A6ED351-A9CA-474B-9B0D-E39CB186F1DC}.Debug|Any CPU.ActiveCfg = Debug|Any CPU
		{1A6ED351-A9CA-474B-9B0D-E39CB186F1DC}.Release|Any CPU.ActiveCfg = Release|Any CPU
	EndGlobalSection
	GlobalSection(SolutionProperties) = preSolution
		HideSolutionNode = FALSE
	EndGlobalSection
	GlobalSection(ExtensibilityGlobals) = postSolution
		SolutionGuid = {DBD0BD00-E3D2-4BE0-B27A-F71E117E1A56}
	EndGlobalSection
EndGlobal
